
Microsoft Visual Studio Solution File, Format Version 12.00
# Visual Studio Version 16
VisualStudioVersion = 16.0.32126.315
MinimumVisualStudioVersion = 10.0.40219.1
Project("{9A19103F-16F7-4668-BE54-9A1E7A4F7556}") = "ASPNETStartUp", "ASPNETStartUp\ASPNETStartUp.csproj", "{7582B19B-131E-488E-9988-28EF7026A905}"
EndProject
Project("{FAE04EC0-301F-11D3-BF4B-00C04F79EFBC}") = "ASPNETCore", "ASPNETCore\ASPNETCore.csproj", "{E38B8C67-A88C-47BF-A257-ACB4A5A047C4}"
EndProject
Project("{FAE04EC0-301F-11D3-BF4B-00C04F79EFBC}") = "ASPNETInfrastructure", "ASPNETInfrastructure\ASPNETInfrastructure.csproj", "{F1B878A1-2C25-4FD6-9686-5103ADB84637}"
EndProject
Project("{FAE04EC0-301F-11D3-BF4B-00C04F79EFBC}") = "ASPNETAPI", "ASPNETAPI\ASPNETAPI.csproj", "{C2696B40-9254-4345-9DAB-4E0CA99E1B8F}"
EndProject
Global
	GlobalSection(SolutionConfigurationPlatforms) = preSolution
		Debug|Any CPU = Debug|Any CPU
		Release|Any CPU = Release|Any CPU
	EndGlobalSection
	GlobalSection(ProjectConfigurationPlatforms) = postSolution
		{7582B19B-131E-488E-9988-28EF7026A905}.Debug|Any CPU.ActiveCfg = Debug|Any CPU
		{7582B19B-131E-488E-9988-28EF7026A905}.Debug|Any CPU.Build.0 = Debug|Any CPU
		{7582B19B-131E-488E-9988-28EF7026A905}.Release|Any CPU.ActiveCfg = Release|Any CPU
		{7582B19B-131E-488E-9988-28EF7026A905}.Release|Any CPU.Build.0 = Release|Any CPU
		{E38B8C67-A88C-47BF-A257-ACB4A5A047C4}.Debug|Any CPU.ActiveCfg = Debug|Any CPU
		{E38B8C67-A88C-47BF-A257-ACB4A5A047C4}.Debug|Any CPU.Build.0 = Debug|Any CPU
		{E38B8C67-A88C-47BF-A257-ACB4A5A047C4}.Release|Any CPU.ActiveCfg = Release|Any CPU
		{E38B8C67-A88C-47BF-A257-ACB4A5A047C4}.Release|Any CPU.Build.0 = Release|Any CPU
		{F1B878A1-2C25-4FD6-9686-5103ADB84637}.Debug|Any CPU.ActiveCfg = Debug|Any CPU
		{F1B878A1-2C25-4FD6-9686-5103ADB84637}.Debug|Any CPU.Build.0 = Debug|Any CPU
		{F1B878A1-2C25-4FD6-9686-5103ADB84637}.Release|Any CPU.ActiveCfg = Release|Any CPU
		{F1B878A1-2C25-4FD6-9686-5103ADB84637}.Release|Any CPU.Build.0 = Release|Any CPU
		{C2696B40-9254-4345-9DAB-4E0CA99E1B8F}.Debug|Any CPU.ActiveCfg = Debug|Any CPU
		{C2696B40-9254-4345-9DAB-4E0CA99E1B8F}.Debug|Any CPU.Build.0 = Debug|Any CPU
		{C2696B40-9254-4345-9DAB-4E0CA99E1B8F}.Release|Any CPU.ActiveCfg = Release|Any CPU
		{C2696B40-9254-4345-9DAB-4E0CA99E1B8F}.Release|Any CPU.Build.0 = Release|Any CPU
	EndGlobalSection
	GlobalSection(SolutionProperties) = preSolution
		HideSolutionNode = FALSE
	EndGlobalSection
	GlobalSection(ExtensibilityGlobals) = postSolution
		SolutionGuid = {AACCD31B-8FF1-4573-B9F4-CC4CB90F834A}
	EndGlobalSection
EndGlobal
